
Microsoft Visual Studio Solution File, Format Version 12.00
# Visual Studio Version 17
VisualStudioVersion = 17.8.34330.188
MinimumVisualStudioVersion = 10.0.40219.1
Project("{FAE04EC0-301F-11D3-BF4B-00C04F79EFBC}") = "Worker-Service-Serilog", "Worker-Service-Serilog.csproj", "{0CBC2D24-9447-42F7-9336-48BAC0591ACA}"
EndProject
Global
	GlobalSection(SolutionConfigurationPlatforms) = preSolution
		Debug|Any CPU = Debug|Any CPU
		Release|Any CPU = Release|Any CPU
	EndGlobalSection
	GlobalSection(ProjectConfigurationPlatforms) = postSolution
		{0CBC2D24-9447-42F7-9336-48BAC0591ACA}.Debug|Any CPU.ActiveCfg = Debug|Any CPU
		{0CBC2D24-9447-42F7-9336-48BAC0591ACA}.Debug|Any CPU.Build.0 = Debug|Any CPU
		{0CBC2D24-9447-42F7-9336-48BAC0591ACA}.Release|Any CPU.ActiveCfg = Release|Any CPU
		{0CBC2D24-9447-42F7-9336-48BAC0591ACA}.Release|Any CPU.Build.0 = Release|Any CPU
	EndGlobalSection
	GlobalSection(SolutionProperties) = preSolution
		HideSolutionNode = FALSE
	EndGlobalSection
	GlobalSection(ExtensibilityGlobals) = postSolution
		SolutionGuid = {5B5665E6-F6CA-42FA-BC96-D0C3D8AB361A}
	EndGlobalSection
EndGlobal
